
Microsoft Visual Studio Solution File, Format Version 12.00
# Visual Studio 15
VisualStudioVersion = 15.0.26124.0
MinimumVisualStudioVersion = 15.0.26124.0
Project("{FAE04EC0-301F-11D3-BF4B-00C04F79EFBC}") = "Niles.PrintWeb.Api", "Niles.PrintWeb.Api\Niles.PrintWeb.Api.csproj", "{B562BB00-DB27-4AAD-94E8-C0CC78E39432}"
EndProject
Project("{FAE04EC0-301F-11D3-BF4B-00C04F79EFBC}") = "Niles.PrintWeb.Api.Services", "Niles.PrintWeb.Api.Services\Niles.PrintWeb.Api.Services.csproj", "{2AA47D40-4754-4FAD-B9B4-50FE5D65EEE7}"
EndProject
Project("{FAE04EC0-301F-11D3-BF4B-00C04F79EFBC}") = "Niles.PrintWeb.DataAccessObjects", "Niles.PrintWeb.DataAccessObjects\Niles.PrintWeb.DataAccessObjects.csproj", "{BA97B2FA-3131-4A5C-9C12-A5B1D1F5DDEF}"
EndProject
Project("{FAE04EC0-301F-11D3-BF4B-00C04F79EFBC}") = "Niles.PrintWeb.Models", "Niles.PrintWeb.Models\Niles.PrintWeb.Models.csproj", "{D9C5D948-3E09-44C7-AF12-8936D16B73AB}"
EndProject
Project("{FAE04EC0-301F-11D3-BF4B-00C04F79EFBC}") = "Niles.PrintWeb.Shared", "Niles.PrintWeb.Shared\Niles.PrintWeb.Shared.csproj", "{D696B8AD-D31B-4CC9-A211-2A40DEA198A6}"
EndProject
Project("{FAE04EC0-301F-11D3-BF4B-00C04F79EFBC}") = "Niles.PrintWeb.Utilities", "Niles.PrintWeb.Utilities\Niles.PrintWeb.Utilities.csproj", "{08040F72-4E2F-47A1-8BA7-1BF93D22F1AE}"
EndProject
Project("{FAE04EC0-301F-11D3-BF4B-00C04F79EFBC}") = "Niles.PrintWeb.Models.Settings", "Niles.PrintWeb.Models.Settings\Niles.PrintWeb.Models.Settings.csproj", "{DF5CEAB4-A4F8-44D2-BF37-04A87EC8EF15}"
EndProject
Project("{FAE04EC0-301F-11D3-BF4B-00C04F79EFBC}") = "Niles.PrintWeb.Api.Tests", "Niles.PrintWeb.Api.Tests\Niles.PrintWeb.Api.Tests.csproj", "{5B6FF8A8-126D-4A81-9E13-DABA06E53FF3}"
EndProject
Global
	GlobalSection(SolutionConfigurationPlatforms) = preSolution
		Debug|Any CPU = Debug|Any CPU
		Debug|x64 = Debug|x64
		Debug|x86 = Debug|x86
		Release|Any CPU = Release|Any CPU
		Release|x64 = Release|x64
		Release|x86 = Release|x86
	EndGlobalSection
	GlobalSection(SolutionProperties) = preSolution
		HideSolutionNode = FALSE
	EndGlobalSection
	GlobalSection(ProjectConfigurationPlatforms) = postSolution
		{B562BB00-DB27-4AAD-94E8-C0CC78E39432}.Debug|Any CPU.ActiveCfg = Debug|Any CPU
		{B562BB00-DB27-4AAD-94E8-C0CC78E39432}.Debug|Any CPU.Build.0 = Debug|Any CPU
		{B562BB00-DB27-4AAD-94E8-C0CC78E39432}.Debug|x64.ActiveCfg = Debug|Any CPU
		{B562BB00-DB27-4AAD-94E8-C0CC78E39432}.Debug|x64.Build.0 = Debug|Any CPU
		{B562BB00-DB27-4AAD-94E8-C0CC78E39432}.Debug|x86.ActiveCfg = Debug|Any CPU
		{B562BB00-DB27-4AAD-94E8-C0CC78E39432}.Debug|x86.Build.0 = Debug|Any CPU
		{B562BB00-DB27-4AAD-94E8-C0CC78E39432}.Release|Any CPU.ActiveCfg = Release|Any CPU
		{B562BB00-DB27-4AAD-94E8-C0CC78E39432}.Release|Any CPU.Build.0 = Release|Any CPU
		{B562BB00-DB27-4AAD-94E8-C0CC78E39432}.Release|x64.ActiveCfg = Release|Any CPU
		{B562BB00-DB27-4AAD-94E8-C0CC78E39432}.Release|x64.Build.0 = Release|Any CPU
		{B562BB00-DB27-4AAD-94E8-C0CC78E39432}.Release|x86.ActiveCfg = Release|Any CPU
		{B562BB00-DB27-4AAD-94E8-C0CC78E39432}.Release|x86.Build.0 = Release|Any CPU
		{2AA47D40-4754-4FAD-B9B4-50FE5D65EEE7}.Debug|Any CPU.ActiveCfg = Debug|Any CPU
		{2AA47D40-4754-4FAD-B9B4-50FE5D65EEE7}.Debug|Any CPU.Build.0 = Debug|Any CPU
		{2AA47D40-4754-4FAD-B9B4-50FE5D65EEE7}.Debug|x64.ActiveCfg = Debug|Any CPU
		{2AA47D40-4754-4FAD-B9B4-50FE5D65EEE7}.Debug|x64.Build.0 = Debug|Any CPU
		{2AA47D40-4754-4FAD-B9B4-50FE5D65EEE7}.Debug|x86.ActiveCfg = Debug|Any CPU
		{2AA47D40-4754-4FAD-B9B4-50FE5D65EEE7}.Debug|x86.Build.0 = Debug|Any CPU
		{2AA47D40-4754-4FAD-B9B4-50FE5D65EEE7}.Release|Any CPU.ActiveCfg = Release|Any CPU
		{2AA47D40-4754-4FAD-B9B4-50FE5D65EEE7}.Release|Any CPU.Build.0 = Release|Any CPU
		{2AA47D40-4754-4FAD-B9B4-50FE5D65EEE7}.Release|x64.ActiveCfg = Release|Any CPU
		{2AA47D40-4754-4FAD-B9B4-50FE5D65EEE7}.Release|x64.Build.0 = Release|Any CPU
		{2AA47D40-4754-4FAD-B9B4-50FE5D65EEE7}.Release|x86.ActiveCfg = Release|Any CPU
		{2AA47D40-4754-4FAD-B9B4-50FE5D65EEE7}.Release|x86.Build.0 = Release|Any CPU
		{BA97B2FA-3131-4A5C-9C12-A5B1D1F5DDEF}.Debug|Any CPU.ActiveCfg = Debug|Any CPU
		{BA97B2FA-3131-4A5C-9C12-A5B1D1F5DDEF}.Debug|Any CPU.Build.0 = Debug|Any CPU
		{BA97B2FA-3131-4A5C-9C12-A5B1D1F5DDEF}.Debug|x64.ActiveCfg = Debug|Any CPU
		{BA97B2FA-3131-4A5C-9C12-A5B1D1F5DDEF}.Debug|x64.Build.0 = Debug|Any CPU
		{BA97B2FA-3131-4A5C-9C12-A5B1D1F5DDEF}.Debug|x86.ActiveCfg = Debug|Any CPU
		{BA97B2FA-3131-4A5C-9C12-A5B1D1F5DDEF}.Debug|x86.Build.0 = Debug|Any CPU
		{BA97B2FA-3131-4A5C-9C12-A5B1D1F5DDEF}.Release|Any CPU.ActiveCfg = Release|Any CPU
		{BA97B2FA-3131-4A5C-9C12-A5B1D1F5DDEF}.Release|Any CPU.Build.0 = Release|Any CPU
		{BA97B2FA-3131-4A5C-9C12-A5B1D1F5DDEF}.Release|x64.ActiveCfg = Release|Any CPU
		{BA97B2FA-3131-4A5C-9C12-A5B1D1F5DDEF}.Release|x64.Build.0 = Release|Any CPU
		{BA97B2FA-3131-4A5C-9C12-A5B1D1F5DDEF}.Release|x86.ActiveCfg = Release|Any CPU
		{BA97B2FA-3131-4A5C-9C12-A5B1D1F5DDEF}.Release|x86.Build.0 = Release|Any CPU
		{D9C5D948-3E09-44C7-AF12-8936D16B73AB}.Debug|Any CPU.ActiveCfg = Debug|Any CPU
		{D9C5D948-3E09-44C7-AF12-8936D16B73AB}.Debug|Any CPU.Build.0 = Debug|Any CPU
		{D9C5D948-3E09-44C7-AF12-8936D16B73AB}.Debug|x64.ActiveCfg = Debug|Any CPU
		{D9C5D948-3E09-44C7-AF12-8936D16B73AB}.Debug|x64.Build.0 = Debug|Any CPU
		{D9C5D948-3E09-44C7-AF12-8936D16B73AB}.Debug|x86.ActiveCfg = Debug|Any CPU
		{D9C5D948-3E09-44C7-AF12-8936D16B73AB}.Debug|x86.Build.0 = Debug|Any CPU
		{D9C5D948-3E09-44C7-AF12-8936D16B73AB}.Release|Any CPU.ActiveCfg = Release|Any CPU
		{D9C5D948-3E09-44C7-AF12-8936D16B73AB}.Release|Any CPU.Build.0 = Release|Any CPU
		{D9C5D948-3E09-44C7-AF12-8936D16B73AB}.Release|x64.ActiveCfg = Release|Any CPU
		{D9C5D948-3E09-44C7-AF12-8936D16B73AB}.Release|x64.Build.0 = Release|Any CPU
		{D9C5D948-3E09-44C7-AF12-8936D16B73AB}.Release|x86.ActiveCfg = Release|Any CPU
		{D9C5D948-3E09-44C7-AF12-8936D16B73AB}.Release|x86.Build.0 = Release|Any CPU
		{D696B8AD-D31B-4CC9-A211-2A40DEA198A6}.Debug|Any CPU.ActiveCfg = Debug|Any CPU
		{D696B8AD-D31B-4CC9-A211-2A40DEA198A6}.Debug|Any CPU.Build.0 = Debug|Any CPU
		{D696B8AD-D31B-4CC9-A211-2A40DEA198A6}.Debug|x64.ActiveCfg = Debug|Any CPU
		{D696B8AD-D31B-4CC9-A211-2A40DEA198A6}.Debug|x64.Build.0 = Debug|Any CPU
		{D696B8AD-D31B-4CC9-A211-2A40DEA198A6}.Debug|x86.ActiveCfg = Debug|Any CPU
		{D696B8AD-D31B-4CC9-A211-2A40DEA198A6}.Debug|x86.Build.0 = Debug|Any CPU
		{D696B8AD-D31B-4CC9-A211-2A40DEA198A6}.Release|Any CPU.ActiveCfg = Release|Any CPU
		{D696B8AD-D31B-4CC9-A211-2A40DEA198A6}.Release|Any CPU.Build.0 = Release|Any CPU
		{D696B8AD-D31B-4CC9-A211-2A40DEA198A6}.Release|x64.ActiveCfg = Release|Any CPU
		{D696B8AD-D31B-4CC9-A211-2A40DEA198A6}.Release|x64.Build.0 = Release|Any CPU
		{D696B8AD-D31B-4CC9-A211-2A40DEA198A6}.Release|x86.ActiveCfg = Release|Any CPU
		{D696B8AD-D31B-4CC9-A211-2A40DEA198A6}.Release|x86.Build.0 = Release|Any CPU
		{08040F72-4E2F-47A1-8BA7-1BF93D22F1AE}.Debug|Any CPU.ActiveCfg = Debug|Any CPU
		{08040F72-4E2F-47A1-8BA7-1BF93D22F1AE}.Debug|Any CPU.Build.0 = Debug|Any CPU
		{08040F72-4E2F-47A1-8BA7-1BF93D22F1AE}.Debug|x64.ActiveCfg = Debug|Any CPU
		{08040F72-4E2F-47A1-8BA7-1BF93D22F1AE}.Debug|x64.Build.0 = Debug|Any CPU
		{08040F72-4E2F-47A1-8BA7-1BF93D22F1AE}.Debug|x86.ActiveCfg = Debug|Any CPU
		{08040F72-4E2F-47A1-8BA7-1BF93D22F1AE}.Debug|x86.Build.0 = Debug|Any CPU
		{08040F72-4E2F-47A1-8BA7-1BF93D22F1AE}.Release|Any CPU.ActiveCfg = Release|Any CPU
		{08040F72-4E2F-47A1-8BA7-1BF93D22F1AE}.Release|Any CPU.Build.0 = Release|Any CPU
		{08040F72-4E2F-47A1-8BA7-1BF93D22F1AE}.Release|x64.ActiveCfg = Release|Any CPU
		{08040F72-4E2F-47A1-8BA7-1BF93D22F1AE}.Release|x64.Build.0 = Release|Any CPU
		{08040F72-4E2F-47A1-8BA7-1BF93D22F1AE}.Release|x86.ActiveCfg = Release|Any CPU
		{08040F72-4E2F-47A1-8BA7-1BF93D22F1AE}.Release|x86.Build.0 = Release|Any CPU
		{DF5CEAB4-A4F8-44D2-BF37-04A87EC8EF15}.Debug|Any CPU.ActiveCfg = Debug|Any CPU
		{DF5CEAB4-A4F8-44D2-BF37-04A87EC8EF15}.Debug|Any CPU.Build.0 = Debug|Any CPU
		{DF5CEAB4-A4F8-44D2-BF37-04A87EC8EF15}.Debug|x64.ActiveCfg = Debug|Any CPU
		{DF5CEAB4-A4F8-44D2-BF37-04A87EC8EF15}.Debug|x64.Build.0 = Debug|Any CPU
		{DF5CEAB4-A4F8-44D2-BF37-04A87EC8EF15}.Debug|x86.ActiveCfg = Debug|Any CPU
		{DF5CEAB4-A4F8-44D2-BF37-04A87EC8EF15}.Debug|x86.Build.0 = Debug|Any CPU
		{DF5CEAB4-A4F8-44D2-BF37-04A87EC8EF15}.Release|Any CPU.ActiveCfg = Release|Any CPU
		{DF5CEAB4-A4F8-44D2-BF37-04A87EC8EF15}.Release|Any CPU.Build.0 = Release|Any CPU
		{DF5CEAB4-A4F8-44D2-BF37-04A87EC8EF15}.Release|x64.ActiveCfg = Release|Any CPU
		{DF5CEAB4-A4F8-44D2-BF37-04A87EC8EF15}.Release|x64.Build.0 = Release|Any CPU
		{DF5CEAB4-A4F8-44D2-BF37-04A87EC8EF15}.Release|x86.ActiveCfg = Release|Any CPU
		{DF5CEAB4-A4F8-44D2-BF37-04A87EC8EF15}.Release|x86.Build.0 = Release|Any CPU
		{5B6FF8A8-126D-4A81-9E13-DABA06E53FF3}.Debug|Any CPU.ActiveCfg = Debug|Any CPU
		{5B6FF8A8-126D-4A81-9E13-DABA06E53FF3}.Debug|Any CPU.Build.0 = Debug|Any CPU
		{5B6FF8A8-126D-4A81-9E13-DABA06E53FF3}.Debug|x64.ActiveCfg = Debug|Any CPU
		{5B6FF8A8-126D-4A81-9E13-DABA06E53FF3}.Debug|x64.Build.0 = Debug|Any CPU
		{5B6FF8A8-126D-4A81-9E13-DABA06E53FF3}.Debug|x86.ActiveCfg = Debug|Any CPU
		{5B6FF8A8-126D-4A81-9E13-DABA06E53FF3}.Debug|x86.Build.0 = Debug|Any CPU
		{5B6FF8A8-126D-4A81-9E13-DABA06E53FF3}.Release|Any CPU.ActiveCfg = Release|Any CPU
		{5B6FF8A8-126D-4A81-9E13-DABA06E53FF3}.Release|Any CPU.Build.0 = Release|Any CPU
		{5B6FF8A8-126D-4A81-9E13-DABA06E53FF3}.Release|x64.ActiveCfg = Release|Any CPU
		{5B6FF8A8-126D-4A81-9E13-DABA06E53FF3}.Release|x64.Build.0 = Release|Any CPU
		{5B6FF8A8-126D-4A81-9E13-DABA06E53FF3}.Release|x86.ActiveCfg = Release|Any CPU
		{5B6FF8A8-126D-4A81-9E13-DABA06E53FF3}.Release|x86.Build.0 = Release|Any CPU
	EndGlobalSection
EndGlobal
