
Microsoft Visual Studio Solution File, Format Version 12.00
# Visual Studio 15
VisualStudioVersion = 15.0.26124.0
MinimumVisualStudioVersion = 15.0.26124.0
Project("{FAE04EC0-301F-11D3-BF4B-00C04F79EFBC}") = "Niles.PrintWeb.Api", "Niles.PrintWeb.Api\Niles.PrintWeb.Api.csproj", "{146958CE-996F-489F-BC43-6440CB6CCF70}"
EndProject
Project("{FAE04EC0-301F-11D3-BF4B-00C04F79EFBC}") = "Niles.PrintWeb.Services", "Niles.PrintWeb.Services\Niles.PrintWeb.Services.csproj", "{4D187CD2-BFE2-4C8B-83FC-C89B1BBFA9CC}"
EndProject
Project("{FAE04EC0-301F-11D3-BF4B-00C04F79EFBC}") = "Niles.PrintWeb.Data", "Niles.PrintWeb.Data\Niles.PrintWeb.Data.csproj", "{5E3A717A-1F70-445D-BE94-1DEAE65F90E8}"
EndProject
Project("{FAE04EC0-301F-11D3-BF4B-00C04F79EFBC}") = "Niles.PrintWeb.Shared", "Niles.PrintWeb.Shared\Niles.PrintWeb.Shared.csproj", "{9E0B896A-1AD3-425B-8A5D-B43B4EE5B1D8}"
EndProject
Project("{FAE04EC0-301F-11D3-BF4B-00C04F79EFBC}") = "Niles.PrintWeb.Utility", "Niles.PrintWeb.Utility\Niles.PrintWeb.Utility.csproj", "{C38961BA-8397-4955-AA4D-A6DA5E46C125}"
EndProject
Global
	GlobalSection(SolutionConfigurationPlatforms) = preSolution
		Debug|Any CPU = Debug|Any CPU
		Debug|x64 = Debug|x64
		Debug|x86 = Debug|x86
		Release|Any CPU = Release|Any CPU
		Release|x64 = Release|x64
		Release|x86 = Release|x86
	EndGlobalSection
	GlobalSection(SolutionProperties) = preSolution
		HideSolutionNode = FALSE
	EndGlobalSection
	GlobalSection(ProjectConfigurationPlatforms) = postSolution
		{146958CE-996F-489F-BC43-6440CB6CCF70}.Debug|Any CPU.ActiveCfg = Debug|Any CPU
		{146958CE-996F-489F-BC43-6440CB6CCF70}.Debug|Any CPU.Build.0 = Debug|Any CPU
		{146958CE-996F-489F-BC43-6440CB6CCF70}.Debug|x64.ActiveCfg = Debug|Any CPU
		{146958CE-996F-489F-BC43-6440CB6CCF70}.Debug|x64.Build.0 = Debug|Any CPU
		{146958CE-996F-489F-BC43-6440CB6CCF70}.Debug|x86.ActiveCfg = Debug|Any CPU
		{146958CE-996F-489F-BC43-6440CB6CCF70}.Debug|x86.Build.0 = Debug|Any CPU
		{146958CE-996F-489F-BC43-6440CB6CCF70}.Release|Any CPU.ActiveCfg = Release|Any CPU
		{146958CE-996F-489F-BC43-6440CB6CCF70}.Release|Any CPU.Build.0 = Release|Any CPU
		{146958CE-996F-489F-BC43-6440CB6CCF70}.Release|x64.ActiveCfg = Release|Any CPU
		{146958CE-996F-489F-BC43-6440CB6CCF70}.Release|x64.Build.0 = Release|Any CPU
		{146958CE-996F-489F-BC43-6440CB6CCF70}.Release|x86.ActiveCfg = Release|Any CPU
		{146958CE-996F-489F-BC43-6440CB6CCF70}.Release|x86.Build.0 = Release|Any CPU
		{4D187CD2-BFE2-4C8B-83FC-C89B1BBFA9CC}.Debug|Any CPU.ActiveCfg = Debug|Any CPU
		{4D187CD2-BFE2-4C8B-83FC-C89B1BBFA9CC}.Debug|Any CPU.Build.0 = Debug|Any CPU
		{4D187CD2-BFE2-4C8B-83FC-C89B1BBFA9CC}.Debug|x64.ActiveCfg = Debug|Any CPU
		{4D187CD2-BFE2-4C8B-83FC-C89B1BBFA9CC}.Debug|x64.Build.0 = Debug|Any CPU
		{4D187CD2-BFE2-4C8B-83FC-C89B1BBFA9CC}.Debug|x86.ActiveCfg = Debug|Any CPU
		{4D187CD2-BFE2-4C8B-83FC-C89B1BBFA9CC}.Debug|x86.Build.0 = Debug|Any CPU
		{4D187CD2-BFE2-4C8B-83FC-C89B1BBFA9CC}.Release|Any CPU.ActiveCfg = Release|Any CPU
		{4D187CD2-BFE2-4C8B-83FC-C89B1BBFA9CC}.Release|Any CPU.Build.0 = Release|Any CPU
		{4D187CD2-BFE2-4C8B-83FC-C89B1BBFA9CC}.Release|x64.ActiveCfg = Release|Any CPU
		{4D187CD2-BFE2-4C8B-83FC-C89B1BBFA9CC}.Release|x64.Build.0 = Release|Any CPU
		{4D187CD2-BFE2-4C8B-83FC-C89B1BBFA9CC}.Release|x86.ActiveCfg = Release|Any CPU
		{4D187CD2-BFE2-4C8B-83FC-C89B1BBFA9CC}.Release|x86.Build.0 = Release|Any CPU
		{5E3A717A-1F70-445D-BE94-1DEAE65F90E8}.Debug|Any CPU.ActiveCfg = Debug|Any CPU
		{5E3A717A-1F70-445D-BE94-1DEAE65F90E8}.Debug|Any CPU.Build.0 = Debug|Any CPU
		{5E3A717A-1F70-445D-BE94-1DEAE65F90E8}.Debug|x64.ActiveCfg = Debug|Any CPU
		{5E3A717A-1F70-445D-BE94-1DEAE65F90E8}.Debug|x64.Build.0 = Debug|Any CPU
		{5E3A717A-1F70-445D-BE94-1DEAE65F90E8}.Debug|x86.ActiveCfg = Debug|Any CPU
		{5E3A717A-1F70-445D-BE94-1DEAE65F90E8}.Debug|x86.Build.0 = Debug|Any CPU
		{5E3A717A-1F70-445D-BE94-1DEAE65F90E8}.Release|Any CPU.ActiveCfg = Release|Any CPU
		{5E3A717A-1F70-445D-BE94-1DEAE65F90E8}.Release|Any CPU.Build.0 = Release|Any CPU
		{5E3A717A-1F70-445D-BE94-1DEAE65F90E8}.Release|x64.ActiveCfg = Release|Any CPU
		{5E3A717A-1F70-445D-BE94-1DEAE65F90E8}.Release|x64.Build.0 = Release|Any CPU
		{5E3A717A-1F70-445D-BE94-1DEAE65F90E8}.Release|x86.ActiveCfg = Release|Any CPU
		{5E3A717A-1F70-445D-BE94-1DEAE65F90E8}.Release|x86.Build.0 = Release|Any CPU
		{9E0B896A-1AD3-425B-8A5D-B43B4EE5B1D8}.Debug|Any CPU.ActiveCfg = Debug|Any CPU
		{9E0B896A-1AD3-425B-8A5D-B43B4EE5B1D8}.Debug|Any CPU.Build.0 = Debug|Any CPU
		{9E0B896A-1AD3-425B-8A5D-B43B4EE5B1D8}.Debug|x64.ActiveCfg = Debug|Any CPU
		{9E0B896A-1AD3-425B-8A5D-B43B4EE5B1D8}.Debug|x64.Build.0 = Debug|Any CPU
		{9E0B896A-1AD3-425B-8A5D-B43B4EE5B1D8}.Debug|x86.ActiveCfg = Debug|Any CPU
		{9E0B896A-1AD3-425B-8A5D-B43B4EE5B1D8}.Debug|x86.Build.0 = Debug|Any CPU
		{9E0B896A-1AD3-425B-8A5D-B43B4EE5B1D8}.Release|Any CPU.ActiveCfg = Release|Any CPU
		{9E0B896A-1AD3-425B-8A5D-B43B4EE5B1D8}.Release|Any CPU.Build.0 = Release|Any CPU
		{9E0B896A-1AD3-425B-8A5D-B43B4EE5B1D8}.Release|x64.ActiveCfg = Release|Any CPU
		{9E0B896A-1AD3-425B-8A5D-B43B4EE5B1D8}.Release|x64.Build.0 = Release|Any CPU
		{9E0B896A-1AD3-425B-8A5D-B43B4EE5B1D8}.Release|x86.ActiveCfg = Release|Any CPU
		{9E0B896A-1AD3-425B-8A5D-B43B4EE5B1D8}.Release|x86.Build.0 = Release|Any CPU
		{C38961BA-8397-4955-AA4D-A6DA5E46C125}.Debug|Any CPU.ActiveCfg = Debug|Any CPU
		{C38961BA-8397-4955-AA4D-A6DA5E46C125}.Debug|Any CPU.Build.0 = Debug|Any CPU
		{C38961BA-8397-4955-AA4D-A6DA5E46C125}.Debug|x64.ActiveCfg = Debug|Any CPU
		{C38961BA-8397-4955-AA4D-A6DA5E46C125}.Debug|x64.Build.0 = Debug|Any CPU
		{C38961BA-8397-4955-AA4D-A6DA5E46C125}.Debug|x86.ActiveCfg = Debug|Any CPU
		{C38961BA-8397-4955-AA4D-A6DA5E46C125}.Debug|x86.Build.0 = Debug|Any CPU
		{C38961BA-8397-4955-AA4D-A6DA5E46C125}.Release|Any CPU.ActiveCfg = Release|Any CPU
		{C38961BA-8397-4955-AA4D-A6DA5E46C125}.Release|Any CPU.Build.0 = Release|Any CPU
		{C38961BA-8397-4955-AA4D-A6DA5E46C125}.Release|x64.ActiveCfg = Release|Any CPU
		{C38961BA-8397-4955-AA4D-A6DA5E46C125}.Release|x64.Build.0 = Release|Any CPU
		{C38961BA-8397-4955-AA4D-A6DA5E46C125}.Release|x86.ActiveCfg = Release|Any CPU
		{C38961BA-8397-4955-AA4D-A6DA5E46C125}.Release|x86.Build.0 = Release|Any CPU
	EndGlobalSection
EndGlobal
